
Microsoft Visual Studio Solution File, Format Version 12.00
# Visual Studio Version 17
VisualStudioVersion = 17.12.35707.178
MinimumVisualStudioVersion = 10.0.40219.1
Project("{FAE04EC0-301F-11D3-BF4B-00C04F79EFBC}") = "WebAppRazor", "WebAppRazor\WebAppRazor.csproj", "{BD5D98FB-8C1B-4074-9C67-F67024468AC7}"
EndProject
Project("{FAE04EC0-301F-11D3-BF4B-00C04F79EFBC}") = "ProjectPortfolio.AppHost", "ProjectPortfolio.AppHost\ProjectPortfolio.AppHost.csproj", "{C8CE8A5E-D514-4EB7-9D53-42C887719111}"
EndProject
Project("{FAE04EC0-301F-11D3-BF4B-00C04F79EFBC}") = "ProjectPortfolio.ServiceDefaults", "ProjectPortfolio.ServiceDefaults\ProjectPortfolio.ServiceDefaults.csproj", "{22B4A1B5-0A97-446F-B8D0-43C2C0F3C5A0}"
EndProject
Project("{FAE04EC0-301F-11D3-BF4B-00C04F79EFBC}") = "WebAPI", "WebAPI\WebAPI.csproj", "{02BD4357-D1A6-4979-8A52-D1BA55E02C73}"
EndProject
Project("{FAE04EC0-301F-11D3-BF4B-00C04F79EFBC}") = "Model", "Model\Model.csproj", "{CACAA00A-C1A1-48C9-9FE8-76B6A126A9D2}"
EndProject
Project("{2150E333-8FDC-42A3-9474-1A3956D46DE8}") = "Unit Test Projects", "Unit Test Projects", "{86E29877-538E-417B-B7C6-0A911A7C0B0C}"
EndProject
Project("{FAE04EC0-301F-11D3-BF4B-00C04F79EFBC}") = "WebAPITests", "WebAPITests\WebAPITests.csproj", "{3D767A45-AC55-4AFC-900A-C00147F86B98}"
EndProject
Global
	GlobalSection(SolutionConfigurationPlatforms) = preSolution
		Debug|Any CPU = Debug|Any CPU
		Release|Any CPU = Release|Any CPU
	EndGlobalSection
	GlobalSection(ProjectConfigurationPlatforms) = postSolution
		{BD5D98FB-8C1B-4074-9C67-F67024468AC7}.Debug|Any CPU.ActiveCfg = Debug|Any CPU
		{BD5D98FB-8C1B-4074-9C67-F67024468AC7}.Debug|Any CPU.Build.0 = Debug|Any CPU
		{BD5D98FB-8C1B-4074-9C67-F67024468AC7}.Release|Any CPU.ActiveCfg = Release|Any CPU
		{BD5D98FB-8C1B-4074-9C67-F67024468AC7}.Release|Any CPU.Build.0 = Release|Any CPU
		{C8CE8A5E-D514-4EB7-9D53-42C887719111}.Debug|Any CPU.ActiveCfg = Debug|Any CPU
		{C8CE8A5E-D514-4EB7-9D53-42C887719111}.Debug|Any CPU.Build.0 = Debug|Any CPU
		{C8CE8A5E-D514-4EB7-9D53-42C887719111}.Release|Any CPU.ActiveCfg = Release|Any CPU
		{C8CE8A5E-D514-4EB7-9D53-42C887719111}.Release|Any CPU.Build.0 = Release|Any CPU
		{22B4A1B5-0A97-446F-B8D0-43C2C0F3C5A0}.Debug|Any CPU.ActiveCfg = Debug|Any CPU
		{22B4A1B5-0A97-446F-B8D0-43C2C0F3C5A0}.Debug|Any CPU.Build.0 = Debug|Any CPU
		{22B4A1B5-0A97-446F-B8D0-43C2C0F3C5A0}.Release|Any CPU.ActiveCfg = Release|Any CPU
		{22B4A1B5-0A97-446F-B8D0-43C2C0F3C5A0}.Release|Any CPU.Build.0 = Release|Any CPU
		{02BD4357-D1A6-4979-8A52-D1BA55E02C73}.Debug|Any CPU.ActiveCfg = Debug|Any CPU
		{02BD4357-D1A6-4979-8A52-D1BA55E02C73}.Debug|Any CPU.Build.0 = Debug|Any CPU
		{02BD4357-D1A6-4979-8A52-D1BA55E02C73}.Release|Any CPU.ActiveCfg = Release|Any CPU
		{02BD4357-D1A6-4979-8A52-D1BA55E02C73}.Release|Any CPU.Build.0 = Release|Any CPU
		{CACAA00A-C1A1-48C9-9FE8-76B6A126A9D2}.Debug|Any CPU.ActiveCfg = Debug|Any CPU
		{CACAA00A-C1A1-48C9-9FE8-76B6A126A9D2}.Debug|Any CPU.Build.0 = Debug|Any CPU
		{CACAA00A-C1A1-48C9-9FE8-76B6A126A9D2}.Release|Any CPU.ActiveCfg = Release|Any CPU
		{CACAA00A-C1A1-48C9-9FE8-76B6A126A9D2}.Release|Any CPU.Build.0 = Release|Any CPU
		{3D767A45-AC55-4AFC-900A-C00147F86B98}.Debug|Any CPU.ActiveCfg = Debug|Any CPU
		{3D767A45-AC55-4AFC-900A-C00147F86B98}.Debug|Any CPU.Build.0 = Debug|Any CPU
		{3D767A45-AC55-4AFC-900A-C00147F86B98}.Release|Any CPU.ActiveCfg = Release|Any CPU
		{3D767A45-AC55-4AFC-900A-C00147F86B98}.Release|Any CPU.Build.0 = Release|Any CPU
	EndGlobalSection
	GlobalSection(SolutionProperties) = preSolution
		HideSolutionNode = FALSE
	EndGlobalSection
	GlobalSection(NestedProjects) = preSolution
		{3D767A45-AC55-4AFC-900A-C00147F86B98} = {86E29877-538E-417B-B7C6-0A911A7C0B0C}
	EndGlobalSection
EndGlobal
